// !$*UTF8*$!
{
	archiveVersion = 1;
	classes = {
	};
	objectVersion = 56;
	objects = {

/* Begin PBXBuildFile section */
		2C034DDA2B06576000D97C66 /* APIManager.swift in Sources */ = {isa = PBXBuildFile; fileRef = 2C034DD92B06576000D97C66 /* APIManager.swift */; };
		2C034DDC2B065BC100D97C66 /* APIErrors.swift in Sources */ = {isa = PBXBuildFile; fileRef = 2C034DDB2B065BC100D97C66 /* APIErrors.swift */; };
		2C034DE02B065DB300D97C66 /* CollectionEntity.swift in Sources */ = {isa = PBXBuildFile; fileRef = 2C034DDF2B065DB300D97C66 /* CollectionEntity.swift */; };
		2C034DE22B065DBC00D97C66 /* SpectrumEntity.swift in Sources */ = {isa = PBXBuildFile; fileRef = 2C034DE12B065DBC00D97C66 /* SpectrumEntity.swift */; };
		2C034DE42B06607E00D97C66 /* String+Extenstions.swift in Sources */ = {isa = PBXBuildFile; fileRef = 2C034DE32B06607E00D97C66 /* String+Extenstions.swift */; };
		2C034DE62B0660F500D97C66 /* Double+Extenstions.swift in Sources */ = {isa = PBXBuildFile; fileRef = 2C034DE52B0660F500D97C66 /* Double+Extenstions.swift */; };
		2C3A11A02B05C13500EC61EA /* iTunesApplicationApp.swift in Sources */ = {isa = PBXBuildFile; fileRef = 2C3A119F2B05C13500EC61EA /* iTunesApplicationApp.swift */; };
		2C3A11A42B05C13600EC61EA /* Assets.xcassets in Resources */ = {isa = PBXBuildFile; fileRef = 2C3A11A32B05C13600EC61EA /* Assets.xcassets */; };
		2C3A11A72B05C13600EC61EA /* Preview Assets.xcassets in Resources */ = {isa = PBXBuildFile; fileRef = 2C3A11A62B05C13600EC61EA /* Preview Assets.xcassets */; };
		2C3A11B92B05C17F00EC61EA /* MainViewModel.swift in Sources */ = {isa = PBXBuildFile; fileRef = 2C3A11B02B05C17F00EC61EA /* MainViewModel.swift */; };
		2C3A11BA2B05C17F00EC61EA /* SpectrumModel.swift in Sources */ = {isa = PBXBuildFile; fileRef = 2C3A11B22B05C17F00EC61EA /* SpectrumModel.swift */; };
		2C3A11BC2B05C17F00EC61EA /* SpectrumCell.swift in Sources */ = {isa = PBXBuildFile; fileRef = 2C3A11B52B05C17F00EC61EA /* SpectrumCell.swift */; };
		2C3A11BD2B05C17F00EC61EA /* SpectrumList.swift in Sources */ = {isa = PBXBuildFile; fileRef = 2C3A11B62B05C17F00EC61EA /* SpectrumList.swift */; };
		2C3A11BE2B05C17F00EC61EA /* Color+Extenstions.swift in Sources */ = {isa = PBXBuildFile; fileRef = 2C3A11B82B05C17F00EC61EA /* Color+Extenstions.swift */; };
		2CA0ADCC2B220DB800A8019E /* PlaygroundView.swift in Sources */ = {isa = PBXBuildFile; fileRef = 2CA0ADCB2B220DB800A8019E /* PlaygroundView.swift */; };
		2CA504BA2B05C9E90083C4CE /* LinearGradient+Extenstions.swift in Sources */ = {isa = PBXBuildFile; fileRef = 2CA504B92B05C9E90083C4CE /* LinearGradient+Extenstions.swift */; };
		2CA504BE2B05CD490083C4CE /* SpectrumDetails.swift in Sources */ = {isa = PBXBuildFile; fileRef = 2CA504BD2B05CD490083C4CE /* SpectrumDetails.swift */; };
		F8B011012B4413AD00F3AC64 /* Localizable.strings in Resources */ = {isa = PBXBuildFile; fileRef = F8B011002B4413AD00F3AC64 /* Localizable.strings */; };
/* End PBXBuildFile section */

/* Begin PBXFileReference section */
		2C034DD92B06576000D97C66 /* APIManager.swift */ = {isa = PBXFileReference; lastKnownFileType = sourcecode.swift; path = APIManager.swift; sourceTree = "<group>"; };
		2C034DDB2B065BC100D97C66 /* APIErrors.swift */ = {isa = PBXFileReference; lastKnownFileType = sourcecode.swift; path = APIErrors.swift; sourceTree = "<group>"; };
		2C034DDF2B065DB300D97C66 /* CollectionEntity.swift */ = {isa = PBXFileReference; lastKnownFileType = sourcecode.swift; path = CollectionEntity.swift; sourceTree = "<group>"; };
		2C034DE12B065DBC00D97C66 /* SpectrumEntity.swift */ = {isa = PBXFileReference; lastKnownFileType = sourcecode.swift; path = SpectrumEntity.swift; sourceTree = "<group>"; };
		2C034DE32B06607E00D97C66 /* String+Extenstions.swift */ = {isa = PBXFileReference; lastKnownFileType = sourcecode.swift; path = "String+Extenstions.swift"; sourceTree = "<group>"; };
		2C034DE52B0660F500D97C66 /* Double+Extenstions.swift */ = {isa = PBXFileReference; lastKnownFileType = sourcecode.swift; path = "Double+Extenstions.swift"; sourceTree = "<group>"; };
		2C3A119C2B05C13500EC61EA /* iTunesApplication.app */ = {isa = PBXFileReference; explicitFileType = wrapper.application; includeInIndex = 0; path = iTunesApplication.app; sourceTree = BUILT_PRODUCTS_DIR; };
		2C3A119F2B05C13500EC61EA /* iTunesApplicationApp.swift */ = {isa = PBXFileReference; lastKnownFileType = sourcecode.swift; path = iTunesApplicationApp.swift; sourceTree = "<group>"; };
		2C3A11A32B05C13600EC61EA /* Assets.xcassets */ = {isa = PBXFileReference; lastKnownFileType = folder.assetcatalog; path = Assets.xcassets; sourceTree = "<group>"; };
		2C3A11A62B05C13600EC61EA /* Preview Assets.xcassets */ = {isa = PBXFileReference; lastKnownFileType = folder.assetcatalog; path = "Preview Assets.xcassets"; sourceTree = "<group>"; };
		2C3A11B02B05C17F00EC61EA /* MainViewModel.swift */ = {isa = PBXFileReference; fileEncoding = 4; lastKnownFileType = sourcecode.swift; path = MainViewModel.swift; sourceTree = "<group>"; };
		2C3A11B22B05C17F00EC61EA /* SpectrumModel.swift */ = {isa = PBXFileReference; fileEncoding = 4; lastKnownFileType = sourcecode.swift; path = SpectrumModel.swift; sourceTree = "<group>"; };
		2C3A11B52B05C17F00EC61EA /* SpectrumCell.swift */ = {isa = PBXFileReference; fileEncoding = 4; lastKnownFileType = sourcecode.swift; path = SpectrumCell.swift; sourceTree = "<group>"; };
		2C3A11B62B05C17F00EC61EA /* SpectrumList.swift */ = {isa = PBXFileReference; fileEncoding = 4; lastKnownFileType = sourcecode.swift; path = SpectrumList.swift; sourceTree = "<group>"; };
		2C3A11B82B05C17F00EC61EA /* Color+Extenstions.swift */ = {isa = PBXFileReference; fileEncoding = 4; lastKnownFileType = sourcecode.swift; path = "Color+Extenstions.swift"; sourceTree = "<group>"; };
		2CA0ADCB2B220DB800A8019E /* PlaygroundView.swift */ = {isa = PBXFileReference; lastKnownFileType = sourcecode.swift; path = PlaygroundView.swift; sourceTree = "<group>"; };
		2CA504B92B05C9E90083C4CE /* LinearGradient+Extenstions.swift */ = {isa = PBXFileReference; lastKnownFileType = sourcecode.swift; path = "LinearGradient+Extenstions.swift"; sourceTree = "<group>"; };
		2CA504BD2B05CD490083C4CE /* SpectrumDetails.swift */ = {isa = PBXFileReference; lastKnownFileType = sourcecode.swift; path = SpectrumDetails.swift; sourceTree = "<group>"; };
		F8B010FF2B44132900F3AC64 /* Info.plist */ = {isa = PBXFileReference; lastKnownFileType = text.plist; path = Info.plist; sourceTree = "<group>"; };
		F8B011002B4413AD00F3AC64 /* Localizable.strings */ = {isa = PBXFileReference; lastKnownFileType = text.plist.strings; path = Localizable.strings; sourceTree = "<group>"; };
/* End PBXFileReference section */

/* Begin PBXFrameworksBuildPhase section */
		2C3A11992B05C13500EC61EA /* Frameworks */ = {
			isa = PBXFrameworksBuildPhase;
			buildActionMask = 2147483647;
			files = (
			);
			runOnlyForDeploymentPostprocessing = 0;
		};
/* End PBXFrameworksBuildPhase section */

/* Begin PBXGroup section */
		2C034DD82B06575300D97C66 /* Services */ = {
			isa = PBXGroup;
			children = (
				2C034DDD2B065BC300D97C66 /* Network */,
			);
			path = Services;
			sourceTree = "<group>";
		};
		2C034DDD2B065BC300D97C66 /* Network */ = {
			isa = PBXGroup;
			children = (
				2C034DD92B06576000D97C66 /* APIManager.swift */,
				2C034DDB2B065BC100D97C66 /* APIErrors.swift */,
			);
			path = Network;
			sourceTree = "<group>";
		};
		2C034DDE2B065D8B00D97C66 /* Entities */ = {
			isa = PBXGroup;
			children = (
				2C034DDF2B065DB300D97C66 /* CollectionEntity.swift */,
				2C034DE12B065DBC00D97C66 /* SpectrumEntity.swift */,
			);
			path = Entities;
			sourceTree = "<group>";
		};
		2C20A0FA2B062E63009DAD3E /* View */ = {
			isa = PBXGroup;
			children = (
				2CA504BD2B05CD490083C4CE /* SpectrumDetails.swift */,
			);
			path = View;
			sourceTree = "<group>";
		};
		2C3A11932B05C13500EC61EA = {
			isa = PBXGroup;
			children = (
				2C3A119E2B05C13500EC61EA /* iTunesApplication */,
				2C3A119D2B05C13500EC61EA /* Products */,
			);
			sourceTree = "<group>";
		};
		2C3A119D2B05C13500EC61EA /* Products */ = {
			isa = PBXGroup;
			children = (
				2C3A119C2B05C13500EC61EA /* iTunesApplication.app */,
			);
			name = Products;
			sourceTree = "<group>";
		};
		2C3A119E2B05C13500EC61EA /* iTunesApplication */ = {
			isa = PBXGroup;
			children = (
				F8B010FF2B44132900F3AC64 /* Info.plist */,
				2C034DDE2B065D8B00D97C66 /* Entities */,
				2C034DD82B06575300D97C66 /* Services */,
				2C3A11BF2B05C18C00EC61EA /* Application */,
				2C3A11B72B05C17F00EC61EA /* Extenstions */,
				2C3A11AD2B05C17F00EC61EA /* Screens */,
				2C3A11A52B05C13600EC61EA /* Preview Content */,
				F8B011002B4413AD00F3AC64 /* Localizable.strings */,
			);
			path = iTunesApplication;
			sourceTree = "<group>";
		};
		2C3A11A52B05C13600EC61EA /* Preview Content */ = {
			isa = PBXGroup;
			children = (
				2C3A11A62B05C13600EC61EA /* Preview Assets.xcassets */,
			);
			path = "Preview Content";
			sourceTree = "<group>";
		};
		2C3A11AD2B05C17F00EC61EA /* Screens */ = {
			isa = PBXGroup;
			children = (
				2C3A11AE2B05C17F00EC61EA /* MainScreen */,
			);
			path = Screens;
			sourceTree = "<group>";
		};
		2C3A11AE2B05C17F00EC61EA /* MainScreen */ = {
			isa = PBXGroup;
			children = (
				2CA0ADCA2B220DA900A8019E /* Playground */,
				2CA504BC2B05CCD70083C4CE /* SpectrumDetails */,
				2CA504BB2B05CCC30083C4CE /* SpectrumList */,
			);
			path = MainScreen;
			sourceTree = "<group>";
		};
		2C3A11AF2B05C17F00EC61EA /* ViewModel */ = {
			isa = PBXGroup;
			children = (
				2C3A11B02B05C17F00EC61EA /* MainViewModel.swift */,
			);
			path = ViewModel;
			sourceTree = "<group>";
		};
		2C3A11B12B05C17F00EC61EA /* Model */ = {
			isa = PBXGroup;
			children = (
				2C3A11B22B05C17F00EC61EA /* SpectrumModel.swift */,
			);
			path = Model;
			sourceTree = "<group>";
		};
		2C3A11B32B05C17F00EC61EA /* View */ = {
			isa = PBXGroup;
			children = (
				2C3A11B52B05C17F00EC61EA /* SpectrumCell.swift */,
				2C3A11B62B05C17F00EC61EA /* SpectrumList.swift */,
			);
			path = View;
			sourceTree = "<group>";
		};
		2C3A11B72B05C17F00EC61EA /* Extenstions */ = {
			isa = PBXGroup;
			children = (
				2C3A11B82B05C17F00EC61EA /* Color+Extenstions.swift */,
				2CA504B92B05C9E90083C4CE /* LinearGradient+Extenstions.swift */,
				2C034DE32B06607E00D97C66 /* String+Extenstions.swift */,
				2C034DE52B0660F500D97C66 /* Double+Extenstions.swift */,
			);
			path = Extenstions;
			sourceTree = "<group>";
		};
		2C3A11BF2B05C18C00EC61EA /* Application */ = {
			isa = PBXGroup;
			children = (
				2C3A119F2B05C13500EC61EA /* iTunesApplicationApp.swift */,
				2C3A11A32B05C13600EC61EA /* Assets.xcassets */,
			);
			path = Application;
			sourceTree = "<group>";
		};
		2CA0ADCA2B220DA900A8019E /* Playground */ = {
			isa = PBXGroup;
			children = (
				2CA0ADCB2B220DB800A8019E /* PlaygroundView.swift */,
			);
			path = Playground;
			sourceTree = "<group>";
		};
		2CA504BB2B05CCC30083C4CE /* SpectrumList */ = {
			isa = PBXGroup;
			children = (
				2C3A11B12B05C17F00EC61EA /* Model */,
				2C3A11AF2B05C17F00EC61EA /* ViewModel */,
				2C3A11B32B05C17F00EC61EA /* View */,
			);
			path = SpectrumList;
			sourceTree = "<group>";
		};
		2CA504BC2B05CCD70083C4CE /* SpectrumDetails */ = {
			isa = PBXGroup;
			children = (
				2C20A0FA2B062E63009DAD3E /* View */,
			);
			path = SpectrumDetails;
			sourceTree = "<group>";
		};
/* End PBXGroup section */

/* Begin PBXNativeTarget section */
		2C3A119B2B05C13500EC61EA /* iTunesApplication */ = {
			isa = PBXNativeTarget;
			buildConfigurationList = 2C3A11AA2B05C13600EC61EA /* Build configuration list for PBXNativeTarget "iTunesApplication" */;
			buildPhases = (
				2C3A11982B05C13500EC61EA /* Sources */,
				2C3A11992B05C13500EC61EA /* Frameworks */,
				2C3A119A2B05C13500EC61EA /* Resources */,
			);
			buildRules = (
			);
			dependencies = (
			);
			name = iTunesApplication;
			productName = iTunesApplication;
			productReference = 2C3A119C2B05C13500EC61EA /* iTunesApplication.app */;
			productType = "com.apple.product-type.application";
		};
/* End PBXNativeTarget section */

/* Begin PBXProject section */
		2C3A11942B05C13500EC61EA /* Project object */ = {
			isa = PBXProject;
			attributes = {
				BuildIndependentTargetsInParallel = 1;
				LastSwiftUpdateCheck = 1500;
				LastUpgradeCheck = 1500;
				TargetAttributes = {
					2C3A119B2B05C13500EC61EA = {
						CreatedOnToolsVersion = 15.0.1;
					};
				};
			};
			buildConfigurationList = 2C3A11972B05C13500EC61EA /* Build configuration list for PBXProject "iTunesApplication" */;
			compatibilityVersion = "Xcode 14.0";
			developmentRegion = en;
			hasScannedForEncodings = 0;
			knownRegions = (
				en,
				Base,
			);
			mainGroup = 2C3A11932B05C13500EC61EA;
			productRefGroup = 2C3A119D2B05C13500EC61EA /* Products */;
			projectDirPath = "";
			projectRoot = "";
			targets = (
				2C3A119B2B05C13500EC61EA /* iTunesApplication */,
			);
		};
/* End PBXProject section */

/* Begin PBXResourcesBuildPhase section */
		2C3A119A2B05C13500EC61EA /* Resources */ = {
			isa = PBXResourcesBuildPhase;
			buildActionMask = 2147483647;
			files = (
				2C3A11A72B05C13600EC61EA /* Preview Assets.xcassets in Resources */,
				F8B011012B4413AD00F3AC64 /* Localizable.strings in Resources */,
				2C3A11A42B05C13600EC61EA /* Assets.xcassets in Resources */,
			);
			runOnlyForDeploymentPostprocessing = 0;
		};
/* End PBXResourcesBuildPhase section */

/* Begin PBXSourcesBuildPhase section */
		2C3A11982B05C13500EC61EA /* Sources */ = {
			isa = PBXSourcesBuildPhase;
			buildActionMask = 2147483647;
			files = (
				2C3A11BE2B05C17F00EC61EA /* Color+Extenstions.swift in Sources */,
				2CA0ADCC2B220DB800A8019E /* PlaygroundView.swift in Sources */,
				2C034DE62B0660F500D97C66 /* Double+Extenstions.swift in Sources */,
				2C3A11A02B05C13500EC61EA /* iTunesApplicationApp.swift in Sources */,
				2C034DE02B065DB300D97C66 /* CollectionEntity.swift in Sources */,
				2C034DE22B065DBC00D97C66 /* SpectrumEntity.swift in Sources */,
				2C3A11BD2B05C17F00EC61EA /* SpectrumList.swift in Sources */,
				2C034DDA2B06576000D97C66 /* APIManager.swift in Sources */,
				2C3A11BA2B05C17F00EC61EA /* SpectrumModel.swift in Sources */,
				2C034DDC2B065BC100D97C66 /* APIErrors.swift in Sources */,
				2CA504BE2B05CD490083C4CE /* SpectrumDetails.swift in Sources */,
				2C3A11B92B05C17F00EC61EA /* MainViewModel.swift in Sources */,
				2C034DE42B06607E00D97C66 /* String+Extenstions.swift in Sources */,
				2CA504BA2B05C9E90083C4CE /* LinearGradient+Extenstions.swift in Sources */,
				2C3A11BC2B05C17F00EC61EA /* SpectrumCell.swift in Sources */,
			);
			runOnlyForDeploymentPostprocessing = 0;
		};
/* End PBXSourcesBuildPhase section */

/* Begin XCBuildConfiguration section */
		2C3A11A82B05C13600EC61EA /* Debug */ = {
			isa = XCBuildConfiguration;
			buildSettings = {
				ALWAYS_SEARCH_USER_PATHS = NO;
				ASSETCATALOG_COMPILER_GENERATE_SWIFT_ASSET_SYMBOL_EXTENSIONS = YES;
				CLANG_ANALYZER_NONNULL = YES;
				CLANG_ANALYZER_NUMBER_OBJECT_CONVERSION = YES_AGGRESSIVE;
				CLANG_CXX_LANGUAGE_STANDARD = "gnu++20";
				CLANG_ENABLE_MODULES = YES;
				CLANG_ENABLE_OBJC_ARC = YES;
				CLANG_ENABLE_OBJC_WEAK = YES;
				CLANG_WARN_BLOCK_CAPTURE_AUTORELEASING = YES;
				CLANG_WARN_BOOL_CONVERSION = YES;
				CLANG_WARN_COMMA = YES;
				CLANG_WARN_CONSTANT_CONVERSION = YES;
				CLANG_WARN_DEPRECATED_OBJC_IMPLEMENTATIONS = YES;
				CLANG_WARN_DIRECT_OBJC_ISA_USAGE = YES_ERROR;
				CLANG_WARN_DOCUMENTATION_COMMENTS = YES;
				CLANG_WARN_EMPTY_BODY = YES;
				CLANG_WARN_ENUM_CONVERSION = YES;
				CLANG_WARN_INFINITE_RECURSION = YES;
				CLANG_WARN_INT_CONVERSION = YES;
				CLANG_WARN_NON_LITERAL_NULL_CONVERSION = YES;
				CLANG_WARN_OBJC_IMPLICIT_RETAIN_SELF = YES;
				CLANG_WARN_OBJC_LITERAL_CONVERSION = YES;
				CLANG_WARN_OBJC_ROOT_CLASS = YES_ERROR;
				CLANG_WARN_QUOTED_INCLUDE_IN_FRAMEWORK_HEADER = YES;
				CLANG_WARN_RANGE_LOOP_ANALYSIS = YES;
				CLANG_WARN_STRICT_PROTOTYPES = YES;
				CLANG_WARN_SUSPICIOUS_MOVE = YES;
				CLANG_WARN_UNGUARDED_AVAILABILITY = YES_AGGRESSIVE;
				CLANG_WARN_UNREACHABLE_CODE = YES;
				CLANG_WARN__DUPLICATE_METHOD_MATCH = YES;
				COPY_PHASE_STRIP = NO;
				DEBUG_INFORMATION_FORMAT = dwarf;
				ENABLE_STRICT_OBJC_MSGSEND = YES;
				ENABLE_TESTABILITY = YES;
				ENABLE_USER_SCRIPT_SANDBOXING = YES;
				GCC_C_LANGUAGE_STANDARD = gnu17;
				GCC_DYNAMIC_NO_PIC = NO;
				GCC_NO_COMMON_BLOCKS = YES;
				GCC_OPTIMIZATION_LEVEL = 0;
				GCC_PREPROCESSOR_DEFINITIONS = (
					"DEBUG=1",
					"$(inherited)",
				);
				GCC_WARN_64_TO_32_BIT_CONVERSION = YES;
				GCC_WARN_ABOUT_RETURN_TYPE = YES_ERROR;
				GCC_WARN_UNDECLARED_SELECTOR = YES;
				GCC_WARN_UNINITIALIZED_AUTOS = YES_AGGRESSIVE;
				GCC_WARN_UNUSED_FUNCTION = YES;
				GCC_WARN_UNUSED_VARIABLE = YES;
				IPHONEOS_DEPLOYMENT_TARGET = 17.0;
				LOCALIZATION_PREFERS_STRING_CATALOGS = YES;
				MTL_ENABLE_DEBUG_INFO = INCLUDE_SOURCE;
				MTL_FAST_MATH = YES;
				ONLY_ACTIVE_ARCH = YES;
				SDKROOT = iphoneos;
				SWIFT_ACTIVE_COMPILATION_CONDITIONS = "DEBUG $(inherited)";
				SWIFT_OPTIMIZATION_LEVEL = "-Onone";
			};
			name = Debug;
		};
		2C3A11A92B05C13600EC61EA /* Release */ = {
			isa = XCBuildConfiguration;
			buildSettings = {
				ALWAYS_SEARCH_USER_PATHS = NO;
				ASSETCATALOG_COMPILER_GENERATE_SWIFT_ASSET_SYMBOL_EXTENSIONS = YES;
				CLANG_ANALYZER_NONNULL = YES;
				CLANG_ANALYZER_NUMBER_OBJECT_CONVERSION = YES_AGGRESSIVE;
				CLANG_CXX_LANGUAGE_STANDARD = "gnu++20";
				CLANG_ENABLE_MODULES = YES;
				CLANG_ENABLE_OBJC_ARC = YES;
				CLANG_ENABLE_OBJC_WEAK = YES;
				CLANG_WARN_BLOCK_CAPTURE_AUTORELEASING = YES;
				CLANG_WARN_BOOL_CONVERSION = YES;
				CLANG_WARN_COMMA = YES;
				CLANG_WARN_CONSTANT_CONVERSION = YES;
				CLANG_WARN_DEPRECATED_OBJC_IMPLEMENTATIONS = YES;
				CLANG_WARN_DIRECT_OBJC_ISA_USAGE = YES_ERROR;
				CLANG_WARN_DOCUMENTATION_COMMENTS = YES;
				CLANG_WARN_EMPTY_BODY = YES;
				CLANG_WARN_ENUM_CONVERSION = YES;
				CLANG_WARN_INFINITE_RECURSION = YES;
				CLANG_WARN_INT_CONVERSION = YES;
				CLANG_WARN_NON_LITERAL_NULL_CONVERSION = YES;
				CLANG_WARN_OBJC_IMPLICIT_RETAIN_SELF = YES;
				CLANG_WARN_OBJC_LITERAL_CONVERSION = YES;
				CLANG_WARN_OBJC_ROOT_CLASS = YES_ERROR;
				CLANG_WARN_QUOTED_INCLUDE_IN_FRAMEWORK_HEADER = YES;
				CLANG_WARN_RANGE_LOOP_ANALYSIS = YES;
				CLANG_WARN_STRICT_PROTOTYPES = YES;
				CLANG_WARN_SUSPICIOUS_MOVE = YES;
				CLANG_WARN_UNGUARDED_AVAILABILITY = YES_AGGRESSIVE;
				CLANG_WARN_UNREACHABLE_CODE = YES;
				CLANG_WARN__DUPLICATE_METHOD_MATCH = YES;
				COPY_PHASE_STRIP = NO;
				DEBUG_INFORMATION_FORMAT = "dwarf-with-dsym";
				ENABLE_NS_ASSERTIONS = NO;
				ENABLE_STRICT_OBJC_MSGSEND = YES;
				ENABLE_USER_SCRIPT_SANDBOXING = YES;
				GCC_C_LANGUAGE_STANDARD = gnu17;
				GCC_NO_COMMON_BLOCKS = YES;
				GCC_WARN_64_TO_32_BIT_CONVERSION = YES;
				GCC_WARN_ABOUT_RETURN_TYPE = YES_ERROR;
				GCC_WARN_UNDECLARED_SELECTOR = YES;
				GCC_WARN_UNINITIALIZED_AUTOS = YES_AGGRESSIVE;
				GCC_WARN_UNUSED_FUNCTION = YES;
				GCC_WARN_UNUSED_VARIABLE = YES;
				IPHONEOS_DEPLOYMENT_TARGET = 17.0;
				LOCALIZATION_PREFERS_STRING_CATALOGS = YES;
				MTL_ENABLE_DEBUG_INFO = NO;
				MTL_FAST_MATH = YES;
				SDKROOT = iphoneos;
				SWIFT_COMPILATION_MODE = wholemodule;
				VALIDATE_PRODUCT = YES;
			};
			name = Release;
		};
		2C3A11AB2B05C13600EC61EA /* Debug */ = {
			isa = XCBuildConfiguration;
			buildSettings = {
				ASSETCATALOG_COMPILER_APPICON_NAME = AppIcon;
				ASSETCATALOG_COMPILER_GLOBAL_ACCENT_COLOR_NAME = AccentColor;
				CODE_SIGN_STYLE = Automatic;
				CURRENT_PROJECT_VERSION = 1;
				DEVELOPMENT_ASSET_PATHS = "\"iTunesApplication/Preview Content\"";
				DEVELOPMENT_TEAM = HZ786GHXYF;
				ENABLE_PREVIEWS = YES;
				GENERATE_INFOPLIST_FILE = YES;
				INFOPLIST_FILE = iTunesApplication/Info.plist;
				INFOPLIST_KEY_UIApplicationSceneManifest_Generation = YES;
				INFOPLIST_KEY_UIApplicationSupportsIndirectInputEvents = YES;
				INFOPLIST_KEY_UILaunchScreen_Generation = YES;
				INFOPLIST_KEY_UISupportedInterfaceOrientations_iPad = "UIInterfaceOrientationPortrait UIInterfaceOrientationPortraitUpsideDown UIInterfaceOrientationLandscapeLeft UIInterfaceOrientationLandscapeRight";
				INFOPLIST_KEY_UISupportedInterfaceOrientations_iPhone = "UIInterfaceOrientationPortrait UIInterfaceOrientationLandscapeLeft UIInterfaceOrientationLandscapeRight";
				LD_RUNPATH_SEARCH_PATHS = (
					"$(inherited)",
					"@executable_path/Frameworks",
				);
				MARKETING_VERSION = 1.0;
				PRODUCT_BUNDLE_IDENTIFIER = com.github.zato4en.iTunesApplication;
				PRODUCT_NAME = "$(TARGET_NAME)";
				SWIFT_EMIT_LOC_STRINGS = YES;
				SWIFT_VERSION = 5.0;
				TARGETED_DEVICE_FAMILY = "1,2";
			};
			name = Debug;
		};
		2C3A11AC2B05C13600EC61EA /* Release */ = {
			isa = XCBuildConfiguration;
			buildSettings = {
				ASSETCATALOG_COMPILER_APPICON_NAME = AppIcon;
				ASSETCATALOG_COMPILER_GLOBAL_ACCENT_COLOR_NAME = AccentColor;
				CODE_SIGN_STYLE = Automatic;
				CURRENT_PROJECT_VERSION = 1;
				DEVELOPMENT_ASSET_PATHS = "\"iTunesApplication/Preview Content\"";
				DEVELOPMENT_TEAM = HZ786GHXYF;
				ENABLE_PREVIEWS = YES;
				GENERATE_INFOPLIST_FILE = YES;
				INFOPLIST_FILE = iTunesApplication/Info.plist;
				INFOPLIST_KEY_UIApplicationSceneManifest_Generation = YES;
				INFOPLIST_KEY_UIApplicationSupportsIndirectInputEvents = YES;
				INFOPLIST_KEY_UILaunchScreen_Generation = YES;
				INFOPLIST_KEY_UISupportedInterfaceOrientations_iPad = "UIInterfaceOrientationPortrait UIInterfaceOrientationPortraitUpsideDown UIInterfaceOrientationLandscapeLeft UIInterfaceOrientationLandscapeRight";
				INFOPLIST_KEY_UISupportedInterfaceOrientations_iPhone = "UIInterfaceOrientationPortrait UIInterfaceOrientationLandscapeLeft UIInterfaceOrientationLandscapeRight";
				LD_RUNPATH_SEARCH_PATHS = (
					"$(inherited)",
					"@executable_path/Frameworks",
				);
				MARKETING_VERSION = 1.0;
				PRODUCT_BUNDLE_IDENTIFIER = com.github.zato4en.iTunesApplication;
				PRODUCT_NAME = "$(TARGET_NAME)";
				SWIFT_EMIT_LOC_STRINGS = YES;
				SWIFT_VERSION = 5.0;
				TARGETED_DEVICE_FAMILY = "1,2";
			};
			name = Release;
		};
/* End XCBuildConfiguration section */

/* Begin XCConfigurationList section */
		2C3A11972B05C13500EC61EA /* Build configuration list for PBXProject "iTunesApplication" */ = {
			isa = XCConfigurationList;
			buildConfigurations = (
				2C3A11A82B05C13600EC61EA /* Debug */,
				2C3A11A92B05C13600EC61EA /* Release */,
			);
			defaultConfigurationIsVisible = 0;
			defaultConfigurationName = Release;
		};
		2C3A11AA2B05C13600EC61EA /* Build configuration list for PBXNativeTarget "iTunesApplication" */ = {
			isa = XCConfigurationList;
			buildConfigurations = (
				2C3A11AB2B05C13600EC61EA /* Debug */,
				2C3A11AC2B05C13600EC61EA /* Release */,
			);
			defaultConfigurationIsVisible = 0;
			defaultConfigurationName = Release;
		};
/* End XCConfigurationList section */
	};
	rootObject = 2C3A11942B05C13500EC61EA /* Project object */;
}
